
Microsoft Visual Studio Solution File, Format Version 12.00
# Visual Studio Version 16
VisualStudioVersion = 16.0.31005.135
MinimumVisualStudioVersion = 10.0.40219.1
Project("{FAE04EC0-301F-11D3-BF4B-00C04F79EFBC}") = "Tatil sitesi", "Tatil sitesi\Tatil sitesi.csproj", "{ED9C382C-5790-4EF4-860D-6825A7A475E9}"
EndProject
Global
	GlobalSection(SolutionConfigurationPlatforms) = preSolution
		Debug|Any CPU = Debug|Any CPU
		Release|Any CPU = Release|Any CPU
	EndGlobalSection
	GlobalSection(ProjectConfigurationPlatforms) = postSolution
		{ED9C382C-5790-4EF4-860D-6825A7A475E9}.Debug|Any CPU.ActiveCfg = Debug|Any CPU
		{ED9C382C-5790-4EF4-860D-6825A7A475E9}.Debug|Any CPU.Build.0 = Debug|Any CPU
		{ED9C382C-5790-4EF4-860D-6825A7A475E9}.Release|Any CPU.ActiveCfg = Release|Any CPU
		{ED9C382C-5790-4EF4-860D-6825A7A475E9}.Release|Any CPU.Build.0 = Release|Any CPU
	EndGlobalSection
	GlobalSection(SolutionProperties) = preSolution
		HideSolutionNode = FALSE
	EndGlobalSection
	GlobalSection(ExtensibilityGlobals) = postSolution
		SolutionGuid = {EC873B74-031F-4E21-944F-170AD51CDF12}
	EndGlobalSection
EndGlobal
